
Microsoft Visual Studio Solution File, Format Version 12.00
# Visual Studio Version 17
VisualStudioVersion = 17.14.36408.4
MinimumVisualStudioVersion = 10.0.40219.1
Project("{FAE04EC0-301F-11D3-BF4B-00C04F79EFBC}") = "01_Program_Route", "01_Program_Route\01_Program_Route.csproj", "{DAC9AA2A-1B73-4D5B-9795-3C6EE6031705}"
EndProject
Project("{FAE04EC0-301F-11D3-BF4B-00C04F79EFBC}") = "02_ControllerToView", "02_ControllerToView\02_ControllerToView.csproj", "{17E2D12C-394D-42CF-8B56-76F251111E5F}"
EndProject
Project("{FAE04EC0-301F-11D3-BF4B-00C04F79EFBC}") = "03_ViewToController", "03_ViewToController\03_ViewToController.csproj", "{AF6614A2-F3B9-46F8-87D8-C6F1948EAF1C}"
EndProject
Project("{FAE04EC0-301F-11D3-BF4B-00C04F79EFBC}") = "04_ViewData_ViewBag_TempDate", "04_ViewData_ViewBag_TempDate\04_ViewData_ViewBag_TempDate.csproj", "{23AE4EE5-52D5-4F24-B078-C563BF381052}"
EndProject
Project("{FAE04EC0-301F-11D3-BF4B-00C04F79EFBC}") = "05_Html_Helpers", "05_Html_Helpers\05_Html_Helpers.csproj", "{BF95C9EF-C92A-4105-895D-330A0406CF9D}"
EndProject
Project("{FAE04EC0-301F-11D3-BF4B-00C04F79EFBC}") = "06_Custom_Helpers", "06_Custom_Helpers\06_Custom_Helpers.csproj", "{B2C79B2C-87E3-429C-9F24-4A531A80C862}"
EndProject
Project("{FAE04EC0-301F-11D3-BF4B-00C04F79EFBC}") = "07_View_Layout_PartialView", "07_View_Layout_PartialView\07_View_Layout_PartialView.csproj", "{618E4834-FC75-4D2D-B9AE-37DAA9A112BC}"
EndProject
Project("{FAE04EC0-301F-11D3-BF4B-00C04F79EFBC}") = "08_Render_Section_Nested", "08_Render_Section_Nested\08_Render_Section_Nested.csproj", "{6C708A1D-FB63-4A43-9AD8-D5EEE3DA1A07}"
EndProject
Global
	GlobalSection(SolutionConfigurationPlatforms) = preSolution
		Debug|Any CPU = Debug|Any CPU
		Release|Any CPU = Release|Any CPU
	EndGlobalSection
	GlobalSection(ProjectConfigurationPlatforms) = postSolution
		{DAC9AA2A-1B73-4D5B-9795-3C6EE6031705}.Debug|Any CPU.ActiveCfg = Debug|Any CPU
		{DAC9AA2A-1B73-4D5B-9795-3C6EE6031705}.Debug|Any CPU.Build.0 = Debug|Any CPU
		{DAC9AA2A-1B73-4D5B-9795-3C6EE6031705}.Release|Any CPU.ActiveCfg = Release|Any CPU
		{DAC9AA2A-1B73-4D5B-9795-3C6EE6031705}.Release|Any CPU.Build.0 = Release|Any CPU
		{17E2D12C-394D-42CF-8B56-76F251111E5F}.Debug|Any CPU.ActiveCfg = Debug|Any CPU
		{17E2D12C-394D-42CF-8B56-76F251111E5F}.Debug|Any CPU.Build.0 = Debug|Any CPU
		{17E2D12C-394D-42CF-8B56-76F251111E5F}.Release|Any CPU.ActiveCfg = Release|Any CPU
		{17E2D12C-394D-42CF-8B56-76F251111E5F}.Release|Any CPU.Build.0 = Release|Any CPU
		{AF6614A2-F3B9-46F8-87D8-C6F1948EAF1C}.Debug|Any CPU.ActiveCfg = Debug|Any CPU
		{AF6614A2-F3B9-46F8-87D8-C6F1948EAF1C}.Debug|Any CPU.Build.0 = Debug|Any CPU
		{AF6614A2-F3B9-46F8-87D8-C6F1948EAF1C}.Release|Any CPU.ActiveCfg = Release|Any CPU
		{AF6614A2-F3B9-46F8-87D8-C6F1948EAF1C}.Release|Any CPU.Build.0 = Release|Any CPU
		{23AE4EE5-52D5-4F24-B078-C563BF381052}.Debug|Any CPU.ActiveCfg = Debug|Any CPU
		{23AE4EE5-52D5-4F24-B078-C563BF381052}.Debug|Any CPU.Build.0 = Debug|Any CPU
		{23AE4EE5-52D5-4F24-B078-C563BF381052}.Release|Any CPU.ActiveCfg = Release|Any CPU
		{23AE4EE5-52D5-4F24-B078-C563BF381052}.Release|Any CPU.Build.0 = Release|Any CPU
		{BF95C9EF-C92A-4105-895D-330A0406CF9D}.Debug|Any CPU.ActiveCfg = Debug|Any CPU
		{BF95C9EF-C92A-4105-895D-330A0406CF9D}.Debug|Any CPU.Build.0 = Debug|Any CPU
		{BF95C9EF-C92A-4105-895D-330A0406CF9D}.Release|Any CPU.ActiveCfg = Release|Any CPU
		{BF95C9EF-C92A-4105-895D-330A0406CF9D}.Release|Any CPU.Build.0 = Release|Any CPU
		{B2C79B2C-87E3-429C-9F24-4A531A80C862}.Debug|Any CPU.ActiveCfg = Debug|Any CPU
		{B2C79B2C-87E3-429C-9F24-4A531A80C862}.Debug|Any CPU.Build.0 = Debug|Any CPU
		{B2C79B2C-87E3-429C-9F24-4A531A80C862}.Release|Any CPU.ActiveCfg = Release|Any CPU
		{B2C79B2C-87E3-429C-9F24-4A531A80C862}.Release|Any CPU.Build.0 = Release|Any CPU
		{618E4834-FC75-4D2D-B9AE-37DAA9A112BC}.Debug|Any CPU.ActiveCfg = Debug|Any CPU
		{618E4834-FC75-4D2D-B9AE-37DAA9A112BC}.Debug|Any CPU.Build.0 = Debug|Any CPU
		{618E4834-FC75-4D2D-B9AE-37DAA9A112BC}.Release|Any CPU.ActiveCfg = Release|Any CPU
		{618E4834-FC75-4D2D-B9AE-37DAA9A112BC}.Release|Any CPU.Build.0 = Release|Any CPU
		{6C708A1D-FB63-4A43-9AD8-D5EEE3DA1A07}.Debug|Any CPU.ActiveCfg = Debug|Any CPU
		{6C708A1D-FB63-4A43-9AD8-D5EEE3DA1A07}.Debug|Any CPU.Build.0 = Debug|Any CPU
		{6C708A1D-FB63-4A43-9AD8-D5EEE3DA1A07}.Release|Any CPU.ActiveCfg = Release|Any CPU
		{6C708A1D-FB63-4A43-9AD8-D5EEE3DA1A07}.Release|Any CPU.Build.0 = Release|Any CPU
	EndGlobalSection
	GlobalSection(SolutionProperties) = preSolution
		HideSolutionNode = FALSE
	EndGlobalSection
	GlobalSection(ExtensibilityGlobals) = postSolution
		SolutionGuid = {CFF08A5B-9B23-449D-8809-CB497D64F891}
	EndGlobalSection
EndGlobal
